
Microsoft Visual Studio Solution File, Format Version 12.00
# Visual Studio Express 14 for Web
VisualStudioVersion = 14.0.23107.0
MinimumVisualStudioVersion = 10.0.40219.1
Project("{FAE04EC0-301F-11D3-BF4B-00C04F79EFBC}") = "Webアプリ", "Webアプリ\Webアプリ.csproj", "{5D285972-DC9A-4C7A-B117-3780EDE6D929}"
EndProject
Project("{E24C65DC-7377-472B-9ABA-BC803B73C61A}") = "静的Webアプリ(1)", "静的Webアプリ\", "{A2787F21-D4CC-4B09-BDCC-831CCFDE1A19}"
	ProjectSection(WebsiteProperties) = preProject
		TargetFrameworkMoniker = ".NETFramework,Version%3Dv4.7"
		Debug.AspNetCompiler.VirtualPath = "/localhost_57430"
		Debug.AspNetCompiler.PhysicalPath = "静的Webアプリ\"
		Debug.AspNetCompiler.TargetPath = "PrecompiledWeb\localhost_57430\"
		Debug.AspNetCompiler.Updateable = "true"
		Debug.AspNetCompiler.ForceOverwrite = "true"
		Debug.AspNetCompiler.FixedNames = "false"
		Debug.AspNetCompiler.Debug = "True"
		Release.AspNetCompiler.VirtualPath = "/localhost_57430"
		Release.AspNetCompiler.PhysicalPath = "静的Webアプリ\"
		Release.AspNetCompiler.TargetPath = "PrecompiledWeb\localhost_57430\"
		Release.AspNetCompiler.Updateable = "true"
		Release.AspNetCompiler.ForceOverwrite = "true"
		Release.AspNetCompiler.FixedNames = "false"
		Release.AspNetCompiler.Debug = "False"
		VWDPort = "57430"
		SlnRelativePath = "静的Webアプリ\"
		DefaultWebSiteLanguage = "Visual C#"
	EndProjectSection
EndProject
Global
	GlobalSection(SolutionConfigurationPlatforms) = preSolution
		Debug|Any CPU = Debug|Any CPU
		Release|Any CPU = Release|Any CPU
	EndGlobalSection
	GlobalSection(ProjectConfigurationPlatforms) = postSolution
		{5D285972-DC9A-4C7A-B117-3780EDE6D929}.Debug|Any CPU.ActiveCfg = Debug|Any CPU
		{5D285972-DC9A-4C7A-B117-3780EDE6D929}.Debug|Any CPU.Build.0 = Debug|Any CPU
		{5D285972-DC9A-4C7A-B117-3780EDE6D929}.Release|Any CPU.ActiveCfg = Release|Any CPU
		{5D285972-DC9A-4C7A-B117-3780EDE6D929}.Release|Any CPU.Build.0 = Release|Any CPU
		{A2787F21-D4CC-4B09-BDCC-831CCFDE1A19}.Debug|Any CPU.ActiveCfg = Debug|Any CPU
		{A2787F21-D4CC-4B09-BDCC-831CCFDE1A19}.Debug|Any CPU.Build.0 = Debug|Any CPU
		{A2787F21-D4CC-4B09-BDCC-831CCFDE1A19}.Release|Any CPU.ActiveCfg = Debug|Any CPU
		{A2787F21-D4CC-4B09-BDCC-831CCFDE1A19}.Release|Any CPU.Build.0 = Debug|Any CPU
	EndGlobalSection
	GlobalSection(SolutionProperties) = preSolution
		HideSolutionNode = FALSE
	EndGlobalSection
EndGlobal
