
Microsoft Visual Studio Solution File, Format Version 12.00
# Visual Studio Express 14 for Web
VisualStudioVersion = 14.0.23107.0
MinimumVisualStudioVersion = 10.0.40219.1
Project("{FAE04EC0-301F-11D3-BF4B-00C04F79EFBC}") = "WebApp", "WebApp\WebApp.csproj", "{F99D288E-8F36-46B3-A7F5-4F2FB9E6FAD1}"
EndProject
Global
	GlobalSection(SolutionConfigurationPlatforms) = preSolution
		Debug|Any CPU = Debug|Any CPU
		Release|Any CPU = Release|Any CPU
	EndGlobalSection
	GlobalSection(ProjectConfigurationPlatforms) = postSolution
		{F99D288E-8F36-46B3-A7F5-4F2FB9E6FAD1}.Debug|Any CPU.ActiveCfg = Debug|Any CPU
		{F99D288E-8F36-46B3-A7F5-4F2FB9E6FAD1}.Debug|Any CPU.Build.0 = Debug|Any CPU
		{F99D288E-8F36-46B3-A7F5-4F2FB9E6FAD1}.Release|Any CPU.ActiveCfg = Release|Any CPU
		{F99D288E-8F36-46B3-A7F5-4F2FB9E6FAD1}.Release|Any CPU.Build.0 = Release|Any CPU
	EndGlobalSection
	GlobalSection(SolutionProperties) = preSolution
		HideSolutionNode = FALSE
	EndGlobalSection
EndGlobal
